
Microsoft Visual Studio Solution File, Format Version 12.00
# Visual Studio Version 16
VisualStudioVersion = 16.0.29009.5
MinimumVisualStudioVersion = 10.0.40219.1
Project("{FAE04EC0-301F-11D3-BF4B-00C04F79EFBC}") = "MyShopServerMain", "MyShopServerMain\MyShopServerMain.csproj", "{9F488686-ABFC-4E6E-8F9D-CA6622F6A7C5}"
	ProjectSection(ProjectDependencies) = postProject
		{E587A884-992C-4772-8F2C-CAE3A3705FE2} = {E587A884-992C-4772-8F2C-CAE3A3705FE2}
	EndProjectSection
EndProject
Project("{FAE04EC0-301F-11D3-BF4B-00C04F79EFBC}") = "ShopLib", "ShopLib\ShopLib.csproj", "{E587A884-992C-4772-8F2C-CAE3A3705FE2}"
EndProject
Global
	GlobalSection(SolutionConfigurationPlatforms) = preSolution
		Debug|Any CPU = Debug|Any CPU
		Release|Any CPU = Release|Any CPU
	EndGlobalSection
	GlobalSection(ProjectConfigurationPlatforms) = postSolution
		{9F488686-ABFC-4E6E-8F9D-CA6622F6A7C5}.Debug|Any CPU.ActiveCfg = Debug|Any CPU
		{9F488686-ABFC-4E6E-8F9D-CA6622F6A7C5}.Debug|Any CPU.Build.0 = Debug|Any CPU
		{9F488686-ABFC-4E6E-8F9D-CA6622F6A7C5}.Release|Any CPU.ActiveCfg = Release|Any CPU
		{9F488686-ABFC-4E6E-8F9D-CA6622F6A7C5}.Release|Any CPU.Build.0 = Release|Any CPU
		{E587A884-992C-4772-8F2C-CAE3A3705FE2}.Debug|Any CPU.ActiveCfg = Debug|Any CPU
		{E587A884-992C-4772-8F2C-CAE3A3705FE2}.Debug|Any CPU.Build.0 = Debug|Any CPU
		{E587A884-992C-4772-8F2C-CAE3A3705FE2}.Release|Any CPU.ActiveCfg = Release|Any CPU
		{E587A884-992C-4772-8F2C-CAE3A3705FE2}.Release|Any CPU.Build.0 = Release|Any CPU
	EndGlobalSection
	GlobalSection(SolutionProperties) = preSolution
		HideSolutionNode = FALSE
	EndGlobalSection
	GlobalSection(ExtensibilityGlobals) = postSolution
		SolutionGuid = {11A63EB4-F604-4C67-B0C4-51F808D1E33F}
	EndGlobalSection
EndGlobal
