
Microsoft Visual Studio Solution File, Format Version 12.00
# Visual Studio Version 16
VisualStudioVersion = 16.0.29009.5
MinimumVisualStudioVersion = 10.0.40219.1
Project("{9A19103F-16F7-4668-BE54-9A1E7A4F7556}") = "ShopLib", "ShopLib\ShopLib.csproj", "{E587A884-992C-4772-8F2C-CAE3A3705FE2}"
EndProject
Project("{FAE04EC0-301F-11D3-BF4B-00C04F79EFBC}") = "ShopServerMain", "ShopServerMain\ShopServerMain.csproj", "{8A65316F-2E62-4E72-B91D-AA3191E5E0AD}"
EndProject
Global
	GlobalSection(SolutionConfigurationPlatforms) = preSolution
		Debug|Any CPU = Debug|Any CPU
		Release|Any CPU = Release|Any CPU
	EndGlobalSection
	GlobalSection(ProjectConfigurationPlatforms) = postSolution
		{E587A884-992C-4772-8F2C-CAE3A3705FE2}.Debug|Any CPU.ActiveCfg = Debug|Any CPU
		{E587A884-992C-4772-8F2C-CAE3A3705FE2}.Debug|Any CPU.Build.0 = Debug|Any CPU
		{E587A884-992C-4772-8F2C-CAE3A3705FE2}.Release|Any CPU.ActiveCfg = Release|Any CPU
		{E587A884-992C-4772-8F2C-CAE3A3705FE2}.Release|Any CPU.Build.0 = Release|Any CPU
		{8A65316F-2E62-4E72-B91D-AA3191E5E0AD}.Debug|Any CPU.ActiveCfg = Debug|Any CPU
		{8A65316F-2E62-4E72-B91D-AA3191E5E0AD}.Debug|Any CPU.Build.0 = Debug|Any CPU
		{8A65316F-2E62-4E72-B91D-AA3191E5E0AD}.Release|Any CPU.ActiveCfg = Release|Any CPU
		{8A65316F-2E62-4E72-B91D-AA3191E5E0AD}.Release|Any CPU.Build.0 = Release|Any CPU
	EndGlobalSection
	GlobalSection(SolutionProperties) = preSolution
		HideSolutionNode = FALSE
	EndGlobalSection
	GlobalSection(ExtensibilityGlobals) = postSolution
		SolutionGuid = {11A63EB4-F604-4C67-B0C4-51F808D1E33F}
	EndGlobalSection
EndGlobal
